
Microsoft Visual Studio Solution File, Format Version 12.00
# Visual Studio Version 16
VisualStudioVersion = 16.0.30523.141
MinimumVisualStudioVersion = 10.0.40219.1
Project("{FAE04EC0-301F-11D3-BF4B-00C04F79EFBC}") = "Typer", "Typer\Typer.csproj", "{84788FC4-A083-4962-93A4-3C641FDEE30E}"
EndProject
Global
	GlobalSection(SolutionConfigurationPlatforms) = preSolution
		Debug|Any CPU = Debug|Any CPU
		Release|Any CPU = Release|Any CPU
	EndGlobalSection
	GlobalSection(ProjectConfigurationPlatforms) = postSolution
		{84788FC4-A083-4962-93A4-3C641FDEE30E}.Debug|Any CPU.ActiveCfg = Debug|Any CPU
		{84788FC4-A083-4962-93A4-3C641FDEE30E}.Debug|Any CPU.Build.0 = Debug|Any CPU
		{84788FC4-A083-4962-93A4-3C641FDEE30E}.Release|Any CPU.ActiveCfg = Release|Any CPU
		{84788FC4-A083-4962-93A4-3C641FDEE30E}.Release|Any CPU.Build.0 = Release|Any CPU
	EndGlobalSection
	GlobalSection(SolutionProperties) = preSolution
		HideSolutionNode = FALSE
	EndGlobalSection
	GlobalSection(ExtensibilityGlobals) = postSolution
		SolutionGuid = {0244D6F2-9A8F-4E18-A95C-486CE4479F36}
	EndGlobalSection
EndGlobal
